
Microsoft Visual Studio Solution File, Format Version 12.00
# Visual Studio Version 17
VisualStudioVersion = 17.1.32414.318
MinimumVisualStudioVersion = 10.0.40219.1
Project("{2150E333-8FDC-42A3-9474-1A3956D46DE8}") = "UI", "UI", "{71091C8E-6411-42AE-A904-C1243C734184}"
EndProject
Project("{9A19103F-16F7-4668-BE54-9A1E7A4F7556}") = "Account.UI", "src\UI\Account.UI\Account.UI.csproj", "{3C78E226-81F3-4EF0-8C53-D1118E3D3BB8}"
EndProject
Project("{2150E333-8FDC-42A3-9474-1A3956D46DE8}") = "Src", "Src", "{7E76C310-9F0D-452F-A5C6-0B1D518A2B8D}"
EndProject
Project("{2150E333-8FDC-42A3-9474-1A3956D46DE8}") = "Core", "Core", "{A30463F4-C6CD-4AD9-857B-38AB09892418}"
EndProject
Project("{2150E333-8FDC-42A3-9474-1A3956D46DE8}") = "Infrastructure", "Infrastructure", "{72D7A574-6351-4F19-9BD7-A55C585ACE20}"
EndProject
Project("{2150E333-8FDC-42A3-9474-1A3956D46DE8}") = "Service", "Service", "{D57315AE-C12B-46DF-B50A-132087B9F0A6}"
EndProject
Project("{9A19103F-16F7-4668-BE54-9A1E7A4F7556}") = "Account.Application", "src\Core\Account.Application\Account.Application.csproj", "{6E026FFC-D950-49D9-931B-E48182D1A5FA}"
EndProject
Project("{9A19103F-16F7-4668-BE54-9A1E7A4F7556}") = "Account.Domain", "src\Core\Account.Domain\Account.Domain.csproj", "{F06A6E03-A080-4FD2-86B5-BBB88AAB1131}"
EndProject
Project("{9A19103F-16F7-4668-BE54-9A1E7A4F7556}") = "Account.DependencyResolver", "src\Infrastructure\Account.DependencyResolver\Account.DependencyResolver.csproj", "{60CD8875-EDB4-48A0-A3F7-933407161F0C}"
EndProject
Project("{9A19103F-16F7-4668-BE54-9A1E7A4F7556}") = "Account.Persisstent.SqlServer", "src\Infrastructure\Account.Persisstent.SqlServer\Account.Persisstent.SqlServer.csproj", "{4EDD6B15-59BB-4553-A334-1D24E0A1006C}"
EndProject
Project("{9A19103F-16F7-4668-BE54-9A1E7A4F7556}") = "Account.Service", "src\Service\Account.Service\Account.Service.csproj", "{F568A975-CB2E-4857-9348-B6D7E3CE9686}"
EndProject
Global
	GlobalSection(SolutionConfigurationPlatforms) = preSolution
		Debug|Any CPU = Debug|Any CPU
		Release|Any CPU = Release|Any CPU
	EndGlobalSection
	GlobalSection(ProjectConfigurationPlatforms) = postSolution
		{3C78E226-81F3-4EF0-8C53-D1118E3D3BB8}.Debug|Any CPU.ActiveCfg = Debug|Any CPU
		{3C78E226-81F3-4EF0-8C53-D1118E3D3BB8}.Debug|Any CPU.Build.0 = Debug|Any CPU
		{3C78E226-81F3-4EF0-8C53-D1118E3D3BB8}.Release|Any CPU.ActiveCfg = Release|Any CPU
		{3C78E226-81F3-4EF0-8C53-D1118E3D3BB8}.Release|Any CPU.Build.0 = Release|Any CPU
		{6E026FFC-D950-49D9-931B-E48182D1A5FA}.Debug|Any CPU.ActiveCfg = Debug|Any CPU
		{6E026FFC-D950-49D9-931B-E48182D1A5FA}.Debug|Any CPU.Build.0 = Debug|Any CPU
		{6E026FFC-D950-49D9-931B-E48182D1A5FA}.Release|Any CPU.ActiveCfg = Release|Any CPU
		{6E026FFC-D950-49D9-931B-E48182D1A5FA}.Release|Any CPU.Build.0 = Release|Any CPU
		{F06A6E03-A080-4FD2-86B5-BBB88AAB1131}.Debug|Any CPU.ActiveCfg = Debug|Any CPU
		{F06A6E03-A080-4FD2-86B5-BBB88AAB1131}.Debug|Any CPU.Build.0 = Debug|Any CPU
		{F06A6E03-A080-4FD2-86B5-BBB88AAB1131}.Release|Any CPU.ActiveCfg = Release|Any CPU
		{F06A6E03-A080-4FD2-86B5-BBB88AAB1131}.Release|Any CPU.Build.0 = Release|Any CPU
		{60CD8875-EDB4-48A0-A3F7-933407161F0C}.Debug|Any CPU.ActiveCfg = Debug|Any CPU
		{60CD8875-EDB4-48A0-A3F7-933407161F0C}.Debug|Any CPU.Build.0 = Debug|Any CPU
		{60CD8875-EDB4-48A0-A3F7-933407161F0C}.Release|Any CPU.ActiveCfg = Release|Any CPU
		{60CD8875-EDB4-48A0-A3F7-933407161F0C}.Release|Any CPU.Build.0 = Release|Any CPU
		{4EDD6B15-59BB-4553-A334-1D24E0A1006C}.Debug|Any CPU.ActiveCfg = Debug|Any CPU
		{4EDD6B15-59BB-4553-A334-1D24E0A1006C}.Debug|Any CPU.Build.0 = Debug|Any CPU
		{4EDD6B15-59BB-4553-A334-1D24E0A1006C}.Release|Any CPU.ActiveCfg = Release|Any CPU
		{4EDD6B15-59BB-4553-A334-1D24E0A1006C}.Release|Any CPU.Build.0 = Release|Any CPU
		{F568A975-CB2E-4857-9348-B6D7E3CE9686}.Debug|Any CPU.ActiveCfg = Debug|Any CPU
		{F568A975-CB2E-4857-9348-B6D7E3CE9686}.Debug|Any CPU.Build.0 = Debug|Any CPU
		{F568A975-CB2E-4857-9348-B6D7E3CE9686}.Release|Any CPU.ActiveCfg = Release|Any CPU
		{F568A975-CB2E-4857-9348-B6D7E3CE9686}.Release|Any CPU.Build.0 = Release|Any CPU
	EndGlobalSection
	GlobalSection(SolutionProperties) = preSolution
		HideSolutionNode = FALSE
	EndGlobalSection
	GlobalSection(NestedProjects) = preSolution
		{71091C8E-6411-42AE-A904-C1243C734184} = {7E76C310-9F0D-452F-A5C6-0B1D518A2B8D}
		{3C78E226-81F3-4EF0-8C53-D1118E3D3BB8} = {71091C8E-6411-42AE-A904-C1243C734184}
		{A30463F4-C6CD-4AD9-857B-38AB09892418} = {7E76C310-9F0D-452F-A5C6-0B1D518A2B8D}
		{72D7A574-6351-4F19-9BD7-A55C585ACE20} = {7E76C310-9F0D-452F-A5C6-0B1D518A2B8D}
		{D57315AE-C12B-46DF-B50A-132087B9F0A6} = {7E76C310-9F0D-452F-A5C6-0B1D518A2B8D}
		{6E026FFC-D950-49D9-931B-E48182D1A5FA} = {A30463F4-C6CD-4AD9-857B-38AB09892418}
		{F06A6E03-A080-4FD2-86B5-BBB88AAB1131} = {A30463F4-C6CD-4AD9-857B-38AB09892418}
		{60CD8875-EDB4-48A0-A3F7-933407161F0C} = {72D7A574-6351-4F19-9BD7-A55C585ACE20}
		{4EDD6B15-59BB-4553-A334-1D24E0A1006C} = {72D7A574-6351-4F19-9BD7-A55C585ACE20}
		{F568A975-CB2E-4857-9348-B6D7E3CE9686} = {D57315AE-C12B-46DF-B50A-132087B9F0A6}
	EndGlobalSection
	GlobalSection(ExtensibilityGlobals) = postSolution
		SolutionGuid = {F57AACB1-BF8E-4F86-B59F-FE885903D56D}
	EndGlobalSection
EndGlobal
