
Microsoft Visual Studio Solution File, Format Version 12.00
# Visual Studio Version 17
VisualStudioVersion = 17.1.32414.318
MinimumVisualStudioVersion = 10.0.40219.1
Project("{FAE04EC0-301F-11D3-BF4B-00C04F79EFBC}") = "Account.UI", "Account.UI\Account.UI.csproj", "{8D61FB01-A22C-45E7-88F0-6CB8729D049D}"
EndProject
Global
	GlobalSection(SolutionConfigurationPlatforms) = preSolution
		Debug|Any CPU = Debug|Any CPU
		Release|Any CPU = Release|Any CPU
	EndGlobalSection
	GlobalSection(ProjectConfigurationPlatforms) = postSolution
		{8D61FB01-A22C-45E7-88F0-6CB8729D049D}.Debug|Any CPU.ActiveCfg = Debug|Any CPU
		{8D61FB01-A22C-45E7-88F0-6CB8729D049D}.Debug|Any CPU.Build.0 = Debug|Any CPU
		{8D61FB01-A22C-45E7-88F0-6CB8729D049D}.Release|Any CPU.ActiveCfg = Release|Any CPU
		{8D61FB01-A22C-45E7-88F0-6CB8729D049D}.Release|Any CPU.Build.0 = Release|Any CPU
	EndGlobalSection
	GlobalSection(SolutionProperties) = preSolution
		HideSolutionNode = FALSE
	EndGlobalSection
	GlobalSection(ExtensibilityGlobals) = postSolution
		SolutionGuid = {F57AACB1-BF8E-4F86-B59F-FE885903D56D}
	EndGlobalSection
EndGlobal
